
Microsoft Visual Studio Solution File, Format Version 12.00
# Visual Studio Version 16
VisualStudioVersion = 16.0.30011.22
MinimumVisualStudioVersion = 10.0.40219.1
Project("{FAE04EC0-301F-11D3-BF4B-00C04F79EFBC}") = "servidor - final progra3", "servidor - final progra3\servidor - final progra3.csproj", "{FD4F5B6B-0F76-4CA2-8784-902ADCBE3384}"
EndProject
Global
	GlobalSection(SolutionConfigurationPlatforms) = preSolution
		Debug|Any CPU = Debug|Any CPU
		Release|Any CPU = Release|Any CPU
	EndGlobalSection
	GlobalSection(ProjectConfigurationPlatforms) = postSolution
		{FD4F5B6B-0F76-4CA2-8784-902ADCBE3384}.Debug|Any CPU.ActiveCfg = Debug|Any CPU
		{FD4F5B6B-0F76-4CA2-8784-902ADCBE3384}.Debug|Any CPU.Build.0 = Debug|Any CPU
		{FD4F5B6B-0F76-4CA2-8784-902ADCBE3384}.Release|Any CPU.ActiveCfg = Release|Any CPU
		{FD4F5B6B-0F76-4CA2-8784-902ADCBE3384}.Release|Any CPU.Build.0 = Release|Any CPU
	EndGlobalSection
	GlobalSection(SolutionProperties) = preSolution
		HideSolutionNode = FALSE
	EndGlobalSection
	GlobalSection(ExtensibilityGlobals) = postSolution
		SolutionGuid = {BA5B0CD1-36A8-4586-BA86-FEFB5F092A28}
	EndGlobalSection
EndGlobal
