
Microsoft Visual Studio Solution File, Format Version 12.00
# Visual Studio Version 16
VisualStudioVersion = 16.0.30128.74
MinimumVisualStudioVersion = 10.0.40219.1
Project("{FAE04EC0-301F-11D3-BF4B-00C04F79EFBC}") = "Serviciocliente", "Serviciocliente\Serviciocliente.csproj", "{45F94B13-35DB-4C99-B6EF-446CBD4AE091}"
EndProject
Global
	GlobalSection(SolutionConfigurationPlatforms) = preSolution
		Debug|Any CPU = Debug|Any CPU
		Release|Any CPU = Release|Any CPU
	EndGlobalSection
	GlobalSection(ProjectConfigurationPlatforms) = postSolution
		{45F94B13-35DB-4C99-B6EF-446CBD4AE091}.Debug|Any CPU.ActiveCfg = Debug|Any CPU
		{45F94B13-35DB-4C99-B6EF-446CBD4AE091}.Debug|Any CPU.Build.0 = Debug|Any CPU
		{45F94B13-35DB-4C99-B6EF-446CBD4AE091}.Release|Any CPU.ActiveCfg = Release|Any CPU
		{45F94B13-35DB-4C99-B6EF-446CBD4AE091}.Release|Any CPU.Build.0 = Release|Any CPU
	EndGlobalSection
	GlobalSection(SolutionProperties) = preSolution
		HideSolutionNode = FALSE
	EndGlobalSection
	GlobalSection(ExtensibilityGlobals) = postSolution
		SolutionGuid = {6FFC2FA8-71F2-4925-9F5A-AAF22588C523}
	EndGlobalSection
EndGlobal
