
Microsoft Visual Studio Solution File, Format Version 12.00
# Visual Studio Version 16
VisualStudioVersion = 16.0.30011.22
MinimumVisualStudioVersion = 10.0.40219.1
Project("{FAE04EC0-301F-11D3-BF4B-00C04F79EFBC}") = "micro - final de programacion 3", "micro - final de programacion 3\micro - final de programacion 3.csproj", "{420E3CD5-EE36-4803-94E9-DCD60FE9478A}"
EndProject
Global
	GlobalSection(SolutionConfigurationPlatforms) = preSolution
		Debug|Any CPU = Debug|Any CPU
		Release|Any CPU = Release|Any CPU
	EndGlobalSection
	GlobalSection(ProjectConfigurationPlatforms) = postSolution
		{420E3CD5-EE36-4803-94E9-DCD60FE9478A}.Debug|Any CPU.ActiveCfg = Debug|Any CPU
		{420E3CD5-EE36-4803-94E9-DCD60FE9478A}.Debug|Any CPU.Build.0 = Debug|Any CPU
		{420E3CD5-EE36-4803-94E9-DCD60FE9478A}.Release|Any CPU.ActiveCfg = Release|Any CPU
		{420E3CD5-EE36-4803-94E9-DCD60FE9478A}.Release|Any CPU.Build.0 = Release|Any CPU
	EndGlobalSection
	GlobalSection(SolutionProperties) = preSolution
		HideSolutionNode = FALSE
	EndGlobalSection
	GlobalSection(ExtensibilityGlobals) = postSolution
		SolutionGuid = {BE20A0D6-8F3D-4511-95C4-0574F4DD9D0F}
	EndGlobalSection
EndGlobal
